
Microsoft Visual Studio Solution File, Format Version 12.00
# Visual Studio Version 17
VisualStudioVersion = 17.0.31903.59
MinimumVisualStudioVersion = 10.0.40219.1
Project("{9A19103F-16F7-4668-BE54-9A1E7A4F7556}") = "API", "API\API.csproj", "{6442D722-929F-4236-902D-7A4D08579F48}"
EndProject
Project("{9A19103F-16F7-4668-BE54-9A1E7A4F7556}") = "Application", "Application\Application.csproj", "{1089E3D7-58B2-4F33-948D-00F94A48AEBA}"
EndProject
Project("{9A19103F-16F7-4668-BE54-9A1E7A4F7556}") = "Domain", "Domain\Domain.csproj", "{DE7C7A7F-F629-46A1-82E4-B08337755633}"
EndProject
Project("{9A19103F-16F7-4668-BE54-9A1E7A4F7556}") = "Persistence", "Persistence\Persistence.csproj", "{14401B05-465E-42E8-B37A-A7810437E2EF}"
EndProject
Project("{2150E333-8FDC-42A3-9474-1A3956D46DE8}") = "solution-items", "solution-items", "{1BF4F1C2-BB29-4C69-8036-8BEE9CAF4DD7}"
	ProjectSection(SolutionItems) = preProject
		.gitattributes = .gitattributes
		.gitignore = .gitignore
		Directory.Build.props = Directory.Build.props
		Directory.Build.targets = Directory.Build.targets
		README.md = README.md
	EndProjectSection
EndProject
Project("{9A19103F-16F7-4668-BE54-9A1E7A4F7556}") = "_build", "build\_build.csproj", "{23FC0D13-B83D-4FB8-BD97-DA76932DB3D5}"
EndProject
Global
	GlobalSection(SolutionConfigurationPlatforms) = preSolution
		Debug|Any CPU = Debug|Any CPU
		Release|Any CPU = Release|Any CPU
	EndGlobalSection
	GlobalSection(ProjectConfigurationPlatforms) = postSolution
		{23FC0D13-B83D-4FB8-BD97-DA76932DB3D5}.Debug|Any CPU.ActiveCfg = Debug|Any CPU
		{23FC0D13-B83D-4FB8-BD97-DA76932DB3D5}.Release|Any CPU.ActiveCfg = Release|Any CPU
		{6442D722-929F-4236-902D-7A4D08579F48}.Debug|Any CPU.ActiveCfg = Debug|Any CPU
		{6442D722-929F-4236-902D-7A4D08579F48}.Debug|Any CPU.Build.0 = Debug|Any CPU
		{6442D722-929F-4236-902D-7A4D08579F48}.Release|Any CPU.ActiveCfg = Release|Any CPU
		{6442D722-929F-4236-902D-7A4D08579F48}.Release|Any CPU.Build.0 = Release|Any CPU
		{1089E3D7-58B2-4F33-948D-00F94A48AEBA}.Debug|Any CPU.ActiveCfg = Debug|Any CPU
		{1089E3D7-58B2-4F33-948D-00F94A48AEBA}.Debug|Any CPU.Build.0 = Debug|Any CPU
		{1089E3D7-58B2-4F33-948D-00F94A48AEBA}.Release|Any CPU.ActiveCfg = Release|Any CPU
		{1089E3D7-58B2-4F33-948D-00F94A48AEBA}.Release|Any CPU.Build.0 = Release|Any CPU
		{DE7C7A7F-F629-46A1-82E4-B08337755633}.Debug|Any CPU.ActiveCfg = Debug|Any CPU
		{DE7C7A7F-F629-46A1-82E4-B08337755633}.Debug|Any CPU.Build.0 = Debug|Any CPU
		{DE7C7A7F-F629-46A1-82E4-B08337755633}.Release|Any CPU.ActiveCfg = Release|Any CPU
		{DE7C7A7F-F629-46A1-82E4-B08337755633}.Release|Any CPU.Build.0 = Release|Any CPU
		{14401B05-465E-42E8-B37A-A7810437E2EF}.Debug|Any CPU.ActiveCfg = Debug|Any CPU
		{14401B05-465E-42E8-B37A-A7810437E2EF}.Debug|Any CPU.Build.0 = Debug|Any CPU
		{14401B05-465E-42E8-B37A-A7810437E2EF}.Release|Any CPU.ActiveCfg = Release|Any CPU
		{14401B05-465E-42E8-B37A-A7810437E2EF}.Release|Any CPU.Build.0 = Release|Any CPU
	EndGlobalSection
	GlobalSection(SolutionProperties) = preSolution
		HideSolutionNode = FALSE
	EndGlobalSection
	GlobalSection(ExtensibilityGlobals) = postSolution
		SolutionGuid = {25412681-6A0E-4930-B24A-8067152519AF}
	EndGlobalSection
EndGlobal
